
Microsoft Visual Studio Solution File, Format Version 12.00
# Visual Studio Version 17
VisualStudioVersion = 17.9.34616.47
MinimumVisualStudioVersion = 10.0.40219.1
Project("{9A19103F-16F7-4668-BE54-9A1E7A4F7556}") = "CampeonatosFIFA.Dominio", "CampeonatosFIFA.Dominio\CampeonatosFIFA.Dominio.csproj", "{B4BFADFD-7816-4087-A389-1CCD682795A8}"
EndProject
Project("{9A19103F-16F7-4668-BE54-9A1E7A4F7556}") = "CampeonatoFIFA.Persistencia", "CampeonatoFIFA.Persistencia\CampeonatoFIFA.Persistencia.csproj", "{F1338C54-183E-4796-9877-BA247A6E4EFE}"
EndProject
Global
	GlobalSection(SolutionConfigurationPlatforms) = preSolution
		Debug|Any CPU = Debug|Any CPU
		Release|Any CPU = Release|Any CPU
	EndGlobalSection
	GlobalSection(ProjectConfigurationPlatforms) = postSolution
		{B4BFADFD-7816-4087-A389-1CCD682795A8}.Debug|Any CPU.ActiveCfg = Debug|Any CPU
		{B4BFADFD-7816-4087-A389-1CCD682795A8}.Debug|Any CPU.Build.0 = Debug|Any CPU
		{B4BFADFD-7816-4087-A389-1CCD682795A8}.Release|Any CPU.ActiveCfg = Release|Any CPU
		{B4BFADFD-7816-4087-A389-1CCD682795A8}.Release|Any CPU.Build.0 = Release|Any CPU
		{F1338C54-183E-4796-9877-BA247A6E4EFE}.Debug|Any CPU.ActiveCfg = Debug|Any CPU
		{F1338C54-183E-4796-9877-BA247A6E4EFE}.Debug|Any CPU.Build.0 = Debug|Any CPU
		{F1338C54-183E-4796-9877-BA247A6E4EFE}.Release|Any CPU.ActiveCfg = Release|Any CPU
		{F1338C54-183E-4796-9877-BA247A6E4EFE}.Release|Any CPU.Build.0 = Release|Any CPU
	EndGlobalSection
	GlobalSection(SolutionProperties) = preSolution
		HideSolutionNode = FALSE
	EndGlobalSection
	GlobalSection(ExtensibilityGlobals) = postSolution
		SolutionGuid = {E78026A2-F609-49BC-9BE2-65F94AB9704B}
	EndGlobalSection
EndGlobal
